
Microsoft Visual Studio Solution File, Format Version 12.00
# Visual Studio Version 17
VisualStudioVersion = 17.6.33815.320
MinimumVisualStudioVersion = 10.0.40219.1
Project("{FAE04EC0-301F-11D3-BF4B-00C04F79EFBC}") = "MockClothesAPI", "MockClothesAPI\MockClothesAPI.csproj", "{BA6FE233-72BA-4EBB-8370-E0EE8D2766C4}"
EndProject
Project("{FAE04EC0-301F-11D3-BF4B-00C04F79EFBC}") = "Contracts", "Contracts\Contracts.csproj", "{120656E0-2C5F-4AE0-BA6B-0902B389FB04}"
EndProject
Project("{FAE04EC0-301F-11D3-BF4B-00C04F79EFBC}") = "LoggerService", "LoggerService\LoggerService.csproj", "{83E693E9-0300-49ED-847A-EBE9D9B3F6FB}"
EndProject
Global
	GlobalSection(SolutionConfigurationPlatforms) = preSolution
		Debug|Any CPU = Debug|Any CPU
		Release|Any CPU = Release|Any CPU
	EndGlobalSection
	GlobalSection(ProjectConfigurationPlatforms) = postSolution
		{BA6FE233-72BA-4EBB-8370-E0EE8D2766C4}.Debug|Any CPU.ActiveCfg = Debug|Any CPU
		{BA6FE233-72BA-4EBB-8370-E0EE8D2766C4}.Debug|Any CPU.Build.0 = Debug|Any CPU
		{BA6FE233-72BA-4EBB-8370-E0EE8D2766C4}.Release|Any CPU.ActiveCfg = Release|Any CPU
		{BA6FE233-72BA-4EBB-8370-E0EE8D2766C4}.Release|Any CPU.Build.0 = Release|Any CPU
		{120656E0-2C5F-4AE0-BA6B-0902B389FB04}.Debug|Any CPU.ActiveCfg = Debug|Any CPU
		{120656E0-2C5F-4AE0-BA6B-0902B389FB04}.Debug|Any CPU.Build.0 = Debug|Any CPU
		{120656E0-2C5F-4AE0-BA6B-0902B389FB04}.Release|Any CPU.ActiveCfg = Release|Any CPU
		{120656E0-2C5F-4AE0-BA6B-0902B389FB04}.Release|Any CPU.Build.0 = Release|Any CPU
		{83E693E9-0300-49ED-847A-EBE9D9B3F6FB}.Debug|Any CPU.ActiveCfg = Debug|Any CPU
		{83E693E9-0300-49ED-847A-EBE9D9B3F6FB}.Debug|Any CPU.Build.0 = Debug|Any CPU
		{83E693E9-0300-49ED-847A-EBE9D9B3F6FB}.Release|Any CPU.ActiveCfg = Release|Any CPU
		{83E693E9-0300-49ED-847A-EBE9D9B3F6FB}.Release|Any CPU.Build.0 = Release|Any CPU
	EndGlobalSection
	GlobalSection(SolutionProperties) = preSolution
		HideSolutionNode = FALSE
	EndGlobalSection
	GlobalSection(ExtensibilityGlobals) = postSolution
		SolutionGuid = {59F68037-BF6E-473C-B738-7CD267DA495B}
	EndGlobalSection
EndGlobal
